{
  "nodes": {
    "dd-systems-meetup-website": {
      "inputs": {
        "nixpkgs": [
          "nixpkgs"
        ]
      },
      "locked": {
        "lastModified": 1759752246,
        "narHash": "sha256-QKX1dC8W2JvRHf4ynPbAV46Xzl/2kdiwpiv3yPj50lI=",
        "owner": "phip1611",
        "repo": "dd-systems-meetup-website",
        "rev": "fdb9dacd33482034037e870b1774dd1d6ffd4f58",
        "type": "github"
      },
      "original": {
        "owner": "phip1611",
        "repo": "dd-systems-meetup-website",
        "type": "github"
      }
    },
    "flake-parts": {
      "inputs": {
        "nixpkgs-lib": [
          "img-to-webp-service",
          "nixpkgs"
        ]
      },
      "locked": {
        "lastModified": 1756770412,
        "narHash": "sha256-+uWLQZccFHwqpGqr2Yt5VsW/PbeJVTn9Dk6SHWhNRPw=",
        "owner": "hercules-ci",
        "repo": "flake-parts",
        "rev": "4524271976b625a4a605beefd893f270620fd751",
        "type": "github"
      },
      "original": {
        "owner": "hercules-ci",
        "repo": "flake-parts",
        "type": "github"
      }
    },
    "home-manager": {
      "inputs": {
        "nixpkgs": [
          "nixpkgs"
        ]
      },
      "locked": {
        "lastModified": 1758463745,
        "narHash": "sha256-uhzsV0Q0I9j2y/rfweWeGif5AWe0MGrgZ/3TjpDYdGA=",
        "owner": "nix-community",
        "repo": "home-manager",
        "rev": "3b955f5f0a942f9f60cdc9cacb7844335d0f21c3",
        "type": "github"
      },
      "original": {
        "owner": "nix-community",
        "ref": "release-25.05",
        "repo": "home-manager",
        "type": "github"
      }
    },
    "img-to-webp-service": {
      "inputs": {
        "flake-parts": "flake-parts",
        "nixpkgs": [
          "nixpkgs"
        ]
      },
      "locked": {
        "lastModified": 1762066307,
        "narHash": "sha256-ONyxZH2rqmyeq5MTVelAynXinYIIHJdvjUjEzOwTpOQ=",
        "owner": "phip1611",
        "repo": "img-to-webp-spring-service",
        "rev": "6ebe5ff989fa1a8753b6f6f6cb6421c80766fead",
        "type": "github"
      },
      "original": {
        "owner": "phip1611",
        "repo": "img-to-webp-spring-service",
        "type": "github"
      }
    },
    "nixos-hardware": {
      "locked": {
        "lastModified": 1762267440,
        "narHash": "sha256-WHjEJ80oYbWyNu0dxysBs5oMlBc5w7YYzL1/UPj4iGo=",
        "owner": "NixOS",
        "repo": "nixos-hardware",
        "rev": "2e85ae1b7030df39269d29118b1f74944d0c8f15",
        "type": "github"
      },
      "original": {
        "owner": "NixOS",
        "repo": "nixos-hardware",
        "type": "github"
      }
    },
    "nixpkgs": {
      "locked": {
        "lastModified": 1761999846,
        "narHash": "sha256-IYlYnp4O4dzEpL77BD/lj5NnJy2J8qbHkNSFiPBCbqo=",
        "owner": "NixOS",
        "repo": "nixpkgs",
        "rev": "3de8f8d73e35724bf9abef41f1bdbedda1e14a31",
        "type": "github"
      },
      "original": {
        "owner": "NixOS",
        "ref": "nixos-25.05",
        "repo": "nixpkgs",
        "type": "github"
      }
    },
    "nixpkgs-unstable": {
      "locked": {
        "lastModified": 1762156382,
        "narHash": "sha256-Yg7Ag7ov5+36jEFC1DaZh/12SEXo6OO3/8rqADRxiqs=",
        "owner": "NixOS",
        "repo": "nixpkgs",
        "rev": "7241bcbb4f099a66aafca120d37c65e8dda32717",
        "type": "github"
      },
      "original": {
        "owner": "NixOS",
        "ref": "nixpkgs-unstable",
        "repo": "nixpkgs",
        "type": "github"
      }
    },
    "root": {
      "inputs": {
        "dd-systems-meetup-website": "dd-systems-meetup-website",
        "home-manager": "home-manager",
        "img-to-webp-service": "img-to-webp-service",
        "nixos-hardware": "nixos-hardware",
        "nixpkgs": "nixpkgs",
        "nixpkgs-unstable": "nixpkgs-unstable",
        "slidev-slides": "slidev-slides",
        "wambo-web": "wambo-web"
      }
    },
    "slidev-slides": {
      "inputs": {
        "nixpkgs": [
          "nixpkgs"
        ]
      },
      "locked": {
        "lastModified": 1761806107,
        "narHash": "sha256-IPkYbsMtn4a8tltR/kTK+x7y2JQ6IaGYVj/klEFjvCw=",
        "owner": "phip1611",
        "repo": "slidev-slides",
        "rev": "591b6ddab2275139508b8d4f6961a40b72143929",
        "type": "github"
      },
      "original": {
        "owner": "phip1611",
        "repo": "slidev-slides",
        "type": "github"
      }
    },
    "wambo-web": {
      "inputs": {
        "nixpkgs": [
          "nixpkgs"
        ]
      },
      "locked": {
        "lastModified": 1762065497,
        "narHash": "sha256-hjlIeOscWoTtZ6ucIVm2boiCg+eqOug9ds7HLWCuSxQ=",
        "owner": "phip1611",
        "repo": "wambo-web",
        "rev": "e22e2713d9b698ffda3cfea01c1185aa5b686fd7",
        "type": "github"
      },
      "original": {
        "owner": "phip1611",
        "repo": "wambo-web",
        "type": "github"
      }
    }
  },
  "root": "root",
  "version": 7
}
